Microsoft Visual Studio Solution File, Format Version 12.00
# Visual Studio Version 17
VisualStudioVersion = 17.5.2.0
MinimumVisualStudioVersion = 10.0.40219.1
Project("{FAE04EC0-301F-11D3-BF4B-00C04F79EFBC}") = "WhosThatPokemon", "WhosThatPokemon\WhosThatPokemon.csproj", "{1DD60EB6-67ED-A942-1031-B08BE677F8EF}"
EndProject
Global
	GlobalSection(SolutionConfigurationPlatforms) = preSolution
		Debug|Any CPU = Debug|Any CPU
		Release|Any CPU = Release|Any CPU
	EndGlobalSection
	GlobalSection(ProjectConfigurationPlatforms) = postSolution
		{1DD60EB6-67ED-A942-1031-B08BE677F8EF}.Debug|Any CPU.ActiveCfg = Debug|Any CPU
		{1DD60EB6-67ED-A942-1031-B08BE677F8EF}.Debug|Any CPU.Build.0 = Debug|Any CPU
		{1DD60EB6-67ED-A942-1031-B08BE677F8EF}.Release|Any CPU.ActiveCfg = Release|Any CPU
		{1DD60EB6-67ED-A942-1031-B08BE677F8EF}.Release|Any CPU.Build.0 = Release|Any CPU
	EndGlobalSection
	GlobalSection(SolutionProperties) = preSolution
		HideSolutionNode = FALSE
	EndGlobalSection
	GlobalSection(ExtensibilityGlobals) = postSolution
		SolutionGuid = {337FEF1E-BEBA-46D3-938C-3CEFDAFE8CD8}
	EndGlobalSection
EndGlobal
